
Microsoft Visual Studio Solution File, Format Version 12.00
# Visual Studio Version 17
VisualStudioVersion = 17.10.35122.118
MinimumVisualStudioVersion = 10.0.40219.1
Project("{FAE04EC0-301F-11D3-BF4B-00C04F79EFBC}") = "ApiTestsExamples", "ApiTestsExamples.csproj", "{6CADA730-2F51-4F98-8592-9A0F8C3CEF58}"
EndProject
Global
	GlobalSection(SolutionConfigurationPlatforms) = preSolution
		Debug|Any CPU = Debug|Any CPU
		Release|Any CPU = Release|Any CPU
	EndGlobalSection
	GlobalSection(ProjectConfigurationPlatforms) = postSolution
		{6CADA730-2F51-4F98-8592-9A0F8C3CEF58}.Debug|Any CPU.ActiveCfg = Debug|Any CPU
		{6CADA730-2F51-4F98-8592-9A0F8C3CEF58}.Debug|Any CPU.Build.0 = Debug|Any CPU
		{6CADA730-2F51-4F98-8592-9A0F8C3CEF58}.Release|Any CPU.ActiveCfg = Release|Any CPU
		{6CADA730-2F51-4F98-8592-9A0F8C3CEF58}.Release|Any CPU.Build.0 = Release|Any CPU
	EndGlobalSection
	GlobalSection(SolutionProperties) = preSolution
		HideSolutionNode = FALSE
	EndGlobalSection
	GlobalSection(ExtensibilityGlobals) = postSolution
		SolutionGuid = {A2F0B75A-C847-4980-95AF-3197B65DBE77}
	EndGlobalSection
EndGlobal
